
Microsoft Visual Studio Solution File, Format Version 12.00
# Visual Studio Version 17
VisualStudioVersion = 17.3.32929.385
MinimumVisualStudioVersion = 10.0.40219.1
Project("{FAE04EC0-301F-11D3-BF4B-00C04F79EFBC}") = "ShadowNoteWinUI3", "ShadowNoteWinUI3\ShadowNoteWinUI3.csproj", "{657854FB-8A5E-4A1A-AD3D-C42A268C49AD}"
EndProject
Global
	GlobalSection(SolutionConfigurationPlatforms) = preSolution
		Debug|arm64 = Debug|arm64
		Debug|x64 = Debug|x64
		Debug|x86 = Debug|x86
		Release|arm64 = Release|arm64
		Release|x64 = Release|x64
		Release|x86 = Release|x86
	EndGlobalSection
	GlobalSection(ProjectConfigurationPlatforms) = postSolution
		{657854FB-8A5E-4A1A-AD3D-C42A268C49AD}.Debug|arm64.ActiveCfg = Debug|arm64
		{657854FB-8A5E-4A1A-AD3D-C42A268C49AD}.Debug|arm64.Build.0 = Debug|arm64
		{657854FB-8A5E-4A1A-AD3D-C42A268C49AD}.Debug|arm64.Deploy.0 = Debug|arm64
		{657854FB-8A5E-4A1A-AD3D-C42A268C49AD}.Debug|x64.ActiveCfg = Debug|x64
		{657854FB-8A5E-4A1A-AD3D-C42A268C49AD}.Debug|x64.Build.0 = Debug|x64
		{657854FB-8A5E-4A1A-AD3D-C42A268C49AD}.Debug|x64.Deploy.0 = Debug|x64
		{657854FB-8A5E-4A1A-AD3D-C42A268C49AD}.Debug|x86.ActiveCfg = Debug|x86
		{657854FB-8A5E-4A1A-AD3D-C42A268C49AD}.Debug|x86.Build.0 = Debug|x86
		{657854FB-8A5E-4A1A-AD3D-C42A268C49AD}.Debug|x86.Deploy.0 = Debug|x86
		{657854FB-8A5E-4A1A-AD3D-C42A268C49AD}.Release|arm64.ActiveCfg = Release|arm64
		{657854FB-8A5E-4A1A-AD3D-C42A268C49AD}.Release|arm64.Build.0 = Release|arm64
		{657854FB-8A5E-4A1A-AD3D-C42A268C49AD}.Release|arm64.Deploy.0 = Release|arm64
		{657854FB-8A5E-4A1A-AD3D-C42A268C49AD}.Release|x64.ActiveCfg = Release|x64
		{657854FB-8A5E-4A1A-AD3D-C42A268C49AD}.Release|x64.Build.0 = Release|x64
		{657854FB-8A5E-4A1A-AD3D-C42A268C49AD}.Release|x64.Deploy.0 = Release|x64
		{657854FB-8A5E-4A1A-AD3D-C42A268C49AD}.Release|x86.ActiveCfg = Release|x86
		{657854FB-8A5E-4A1A-AD3D-C42A268C49AD}.Release|x86.Build.0 = Release|x86
		{657854FB-8A5E-4A1A-AD3D-C42A268C49AD}.Release|x86.Deploy.0 = Release|x86
	EndGlobalSection
	GlobalSection(SolutionProperties) = preSolution
		HideSolutionNode = FALSE
	EndGlobalSection
	GlobalSection(ExtensibilityGlobals) = postSolution
		SolutionGuid = {E6C1FE2A-3E99-4C5C-95C0-2C22B5A3ACD6}
	EndGlobalSection
EndGlobal
